
Microsoft Visual Studio Solution File, Format Version 12.00
# Visual Studio Version 17
VisualStudioVersion = 17.10.35122.118
MinimumVisualStudioVersion = 10.0.40219.1
Project("{FAE04EC0-301F-11D3-BF4B-00C04F79EFBC}") = "Kwops.Mobile", "Kwops.Mobile\Kwops.Mobile.csproj", "{AEF8DCED-9161-4800-AB8D-E13AA8AF6B25}"
EndProject
Global
	GlobalSection(SolutionConfigurationPlatforms) = preSolution
		Debug|Any CPU = Debug|Any CPU
		Release|Any CPU = Release|Any CPU
	EndGlobalSection
	GlobalSection(ProjectConfigurationPlatforms) = postSolution
		{AEF8DCED-9161-4800-AB8D-E13AA8AF6B25}.Debug|Any CPU.ActiveCfg = Debug|Any CPU
		{AEF8DCED-9161-4800-AB8D-E13AA8AF6B25}.Debug|Any CPU.Build.0 = Debug|Any CPU
		{AEF8DCED-9161-4800-AB8D-E13AA8AF6B25}.Debug|Any CPU.Deploy.0 = Debug|Any CPU
		{AEF8DCED-9161-4800-AB8D-E13AA8AF6B25}.Release|Any CPU.ActiveCfg = Release|Any CPU
		{AEF8DCED-9161-4800-AB8D-E13AA8AF6B25}.Release|Any CPU.Build.0 = Release|Any CPU
		{AEF8DCED-9161-4800-AB8D-E13AA8AF6B25}.Release|Any CPU.Deploy.0 = Release|Any CPU
	EndGlobalSection
	GlobalSection(SolutionProperties) = preSolution
		HideSolutionNode = FALSE
	EndGlobalSection
	GlobalSection(ExtensibilityGlobals) = postSolution
		SolutionGuid = {260DDF9D-8215-4557-A1C6-4572E7607299}
	EndGlobalSection
EndGlobal
